
Microsoft Visual Studio Solution File, Format Version 12.00
# Visual Studio Version 17
VisualStudioVersion = 17.7.34031.279
MinimumVisualStudioVersion = 10.0.40219.1
Project("{9A19103F-16F7-4668-BE54-9A1E7A4F7556}") = "BookLib", "BookLib\BookLib.csproj", "{0E0ACEE5-73E9-41F7-AB4C-BD37F9729CE6}"
EndProject
Project("{9A19103F-16F7-4668-BE54-9A1E7A4F7556}") = "BookLibTest", "BookLibTest\BookLibTest.csproj", "{C56B7C29-DD2C-43A7-819C-84705070399C}"
EndProject
Project("{FAE04EC0-301F-11D3-BF4B-00C04F79EFBC}") = "BookRepositoryLibTest", "BookRepositoryLibTest\BookRepositoryLibTest.csproj", "{DD635947-F42A-4D5B-B645-8847A68568C8}"
EndProject
Global
	GlobalSection(SolutionConfigurationPlatforms) = preSolution
		Debug|Any CPU = Debug|Any CPU
		Release|Any CPU = Release|Any CPU
	EndGlobalSection
	GlobalSection(ProjectConfigurationPlatforms) = postSolution
		{0E0ACEE5-73E9-41F7-AB4C-BD37F9729CE6}.Debug|Any CPU.ActiveCfg = Debug|Any CPU
		{0E0ACEE5-73E9-41F7-AB4C-BD37F9729CE6}.Debug|Any CPU.Build.0 = Debug|Any CPU
		{0E0ACEE5-73E9-41F7-AB4C-BD37F9729CE6}.Release|Any CPU.ActiveCfg = Release|Any CPU
		{0E0ACEE5-73E9-41F7-AB4C-BD37F9729CE6}.Release|Any CPU.Build.0 = Release|Any CPU
		{C56B7C29-DD2C-43A7-819C-84705070399C}.Debug|Any CPU.ActiveCfg = Debug|Any CPU
		{C56B7C29-DD2C-43A7-819C-84705070399C}.Debug|Any CPU.Build.0 = Debug|Any CPU
		{C56B7C29-DD2C-43A7-819C-84705070399C}.Release|Any CPU.ActiveCfg = Release|Any CPU
		{C56B7C29-DD2C-43A7-819C-84705070399C}.Release|Any CPU.Build.0 = Release|Any CPU
		{DD635947-F42A-4D5B-B645-8847A68568C8}.Debug|Any CPU.ActiveCfg = Debug|Any CPU
		{DD635947-F42A-4D5B-B645-8847A68568C8}.Debug|Any CPU.Build.0 = Debug|Any CPU
		{DD635947-F42A-4D5B-B645-8847A68568C8}.Release|Any CPU.ActiveCfg = Release|Any CPU
		{DD635947-F42A-4D5B-B645-8847A68568C8}.Release|Any CPU.Build.0 = Release|Any CPU
	EndGlobalSection
	GlobalSection(SolutionProperties) = preSolution
		HideSolutionNode = FALSE
	EndGlobalSection
	GlobalSection(ExtensibilityGlobals) = postSolution
		SolutionGuid = {B4225FFF-226F-4385-B9F2-266194D0BBE9}
	EndGlobalSection
EndGlobal
